Microsoft Visual Studio Solution File, Format Version 11.00
# Visual Studio 2008

Project("{935D946E-3A31-BFBF-8DA0-FCD5F52333F0}") = "onlyHandMotion", "Assembly-CSharp.csproj", "{2ABC9716-AA96-100F-CA0D-BA74CE1733A9}"
EndProject
Global
	GlobalSection(SolutionConfigurationPlatforms) = preSolution
		Debug|Any CPU = Debug|Any CPU
		Release|Any CPU = Release|Any CPU
	EndGlobalSection
	GlobalSection(ProjectConfigurationPlatforms) = postSolution
		{2ABC9716-AA96-100F-CA0D-BA74CE1733A9}.Debug|Any CPU.ActiveCfg = Debug|Any CPU
		{2ABC9716-AA96-100F-CA0D-BA74CE1733A9}.Debug|Any CPU.Build.0 = Debug|Any CPU
		{2ABC9716-AA96-100F-CA0D-BA74CE1733A9}.Release|Any CPU.ActiveCfg = Release|Any CPU
		{2ABC9716-AA96-100F-CA0D-BA74CE1733A9}.Release|Any CPU.Build.0 = Release|Any CPU
	EndGlobalSection
	GlobalSection(SolutionProperties) = preSolution
		HideSolutionNode = FALSE
	EndGlobalSection
	GlobalSection(MonoDevelopProperties) = preSolution
		StartupItem = Assembly-CSharp.csproj
	EndGlobalSection
EndGlobal
